
Microsoft Visual Studio Solution File, Format Version 12.00
# Visual Studio Version 17
VisualStudioVersion = 17.0.31903.59
MinimumVisualStudioVersion = 10.0.40219.1
Project("{FAE04EC0-301F-11D3-BF4B-00C04F79EFBC}") = "HRMS Web Application", "HRMS Web Application\HRMS Web Application.csproj", "{E1013598-A0A3-4183-817B-F1C4218CF0CD}"
EndProject
Global
	GlobalSection(SolutionConfigurationPlatforms) = preSolution
		Debug|Any CPU = Debug|Any CPU
		Release|Any CPU = Release|Any CPU
	EndGlobalSection
	GlobalSection(ProjectConfigurationPlatforms) = postSolution
		{E1013598-A0A3-4183-817B-F1C4218CF0CD}.Debug|Any CPU.ActiveCfg = Debug|Any CPU
		{E1013598-A0A3-4183-817B-F1C4218CF0CD}.Debug|Any CPU.Build.0 = Debug|Any CPU
		{E1013598-A0A3-4183-817B-F1C4218CF0CD}.Release|Any CPU.ActiveCfg = Release|Any CPU
		{E1013598-A0A3-4183-817B-F1C4218CF0CD}.Release|Any CPU.Build.0 = Release|Any CPU
	EndGlobalSection
	GlobalSection(SolutionProperties) = preSolution
		HideSolutionNode = FALSE
	EndGlobalSection
	GlobalSection(ExtensibilityGlobals) = postSolution
		SolutionGuid = {1C5D5392-B433-4466-988E-182D87E3F3E9}
	EndGlobalSection
EndGlobal
